
Microsoft Visual Studio Solution File, Format Version 12.00
# Visual Studio Version 17
VisualStudioVersion = 17.13.35507.96
MinimumVisualStudioVersion = 10.0.40219.1
Project("{FAE04EC0-301F-11D3-BF4B-00C04F79EFBC}") = "API", "API\API.csproj", "{DFBB374D-3825-48B1-BDD3-76FCEE7E4D3A}"
EndProject
Project("{FAE04EC0-301F-11D3-BF4B-00C04F79EFBC}") = "Application", "Application\Application.csproj", "{7DFC700A-C03F-436C-8E8D-115279CBB748}"
EndProject
Project("{FAE04EC0-301F-11D3-BF4B-00C04F79EFBC}") = "Infrastructure", "Infrastructure\Infrastructure.csproj", "{30BF33A1-89FC-40CB-B577-0DE9F55B8A8F}"
EndProject
Project("{FAE04EC0-301F-11D3-BF4B-00C04F79EFBC}") = "Domain", "Domain\Domain.csproj", "{D4ED4413-FDAA-49F5-9E0B-927AC5A0A80F}"
EndProject
Global
	GlobalSection(SolutionConfigurationPlatforms) = preSolution
		Debug|Any CPU = Debug|Any CPU
		Release|Any CPU = Release|Any CPU
	EndGlobalSection
	GlobalSection(ProjectConfigurationPlatforms) = postSolution
		{DFBB374D-3825-48B1-BDD3-76FCEE7E4D3A}.Debug|Any CPU.ActiveCfg = Debug|Any CPU
		{DFBB374D-3825-48B1-BDD3-76FCEE7E4D3A}.Debug|Any CPU.Build.0 = Debug|Any CPU
		{DFBB374D-3825-48B1-BDD3-76FCEE7E4D3A}.Release|Any CPU.ActiveCfg = Release|Any CPU
		{DFBB374D-3825-48B1-BDD3-76FCEE7E4D3A}.Release|Any CPU.Build.0 = Release|Any CPU
		{7DFC700A-C03F-436C-8E8D-115279CBB748}.Debug|Any CPU.ActiveCfg = Debug|Any CPU
		{7DFC700A-C03F-436C-8E8D-115279CBB748}.Debug|Any CPU.Build.0 = Debug|Any CPU
		{7DFC700A-C03F-436C-8E8D-115279CBB748}.Release|Any CPU.ActiveCfg = Release|Any CPU
		{7DFC700A-C03F-436C-8E8D-115279CBB748}.Release|Any CPU.Build.0 = Release|Any CPU
		{30BF33A1-89FC-40CB-B577-0DE9F55B8A8F}.Debug|Any CPU.ActiveCfg = Debug|Any CPU
		{30BF33A1-89FC-40CB-B577-0DE9F55B8A8F}.Debug|Any CPU.Build.0 = Debug|Any CPU
		{30BF33A1-89FC-40CB-B577-0DE9F55B8A8F}.Release|Any CPU.ActiveCfg = Release|Any CPU
		{30BF33A1-89FC-40CB-B577-0DE9F55B8A8F}.Release|Any CPU.Build.0 = Release|Any CPU
		{D4ED4413-FDAA-49F5-9E0B-927AC5A0A80F}.Debug|Any CPU.ActiveCfg = Debug|Any CPU
		{D4ED4413-FDAA-49F5-9E0B-927AC5A0A80F}.Debug|Any CPU.Build.0 = Debug|Any CPU
		{D4ED4413-FDAA-49F5-9E0B-927AC5A0A80F}.Release|Any CPU.ActiveCfg = Release|Any CPU
		{D4ED4413-FDAA-49F5-9E0B-927AC5A0A80F}.Release|Any CPU.Build.0 = Release|Any CPU
	EndGlobalSection
	GlobalSection(SolutionProperties) = preSolution
		HideSolutionNode = FALSE
	EndGlobalSection
	GlobalSection(ExtensibilityGlobals) = postSolution
		SolutionGuid = {89FCBF38-CF76-433B-A7A4-E93F83C8A638}
	EndGlobalSection
EndGlobal
